
Microsoft Visual Studio Solution File, Format Version 12.00
# Visual Studio Version 17
VisualStudioVersion = 17.3.32825.248
MinimumVisualStudioVersion = 10.0.40219.1
Project("{FAE04EC0-301F-11D3-BF4B-00C04F79EFBC}") = "FishGame", "FishGame\FishGame.csproj", "{9F881184-0ABF-43FA-9251-97B4CB4176EC}"
EndProject
Global
	GlobalSection(SolutionConfigurationPlatforms) = preSolution
		Debug|Any CPU = Debug|Any CPU
		Release|Any CPU = Release|Any CPU
	EndGlobalSection
	GlobalSection(ProjectConfigurationPlatforms) = postSolution
		{9F881184-0ABF-43FA-9251-97B4CB4176EC}.Debug|Any CPU.ActiveCfg = Debug|Any CPU
		{9F881184-0ABF-43FA-9251-97B4CB4176EC}.Debug|Any CPU.Build.0 = Debug|Any CPU
		{9F881184-0ABF-43FA-9251-97B4CB4176EC}.Release|Any CPU.ActiveCfg = Release|Any CPU
		{9F881184-0ABF-43FA-9251-97B4CB4176EC}.Release|Any CPU.Build.0 = Release|Any CPU
	EndGlobalSection
	GlobalSection(SolutionProperties) = preSolution
		HideSolutionNode = FALSE
	EndGlobalSection
	GlobalSection(ExtensibilityGlobals) = postSolution
		SolutionGuid = {1D174582-C5CE-4B76-9F92-812F2D7790EA}
	EndGlobalSection
EndGlobal
